// !$*UTF8*$!
{
	archiveVersion = 1;
	classes = {
	};
	objectVersion = 50;
	objects = {

/* Begin PBXBuildFile section */
		C19464062209FF8900A818F3 /* PlayerInfoVC.swift in Sources */ = {isa = PBXBuildFile; fileRef = C19464052209FF8900A818F3 /* PlayerInfoVC.swift */; };
		C19464082209FFBD00A818F3 /* TutorialVC.swift in Sources */ = {isa = PBXBuildFile; fileRef = C19464072209FFBD00A818F3 /* TutorialVC.swift */; };
		C194640A2209FFF400A818F3 /* LevelSelectVC.swift in Sources */ = {isa = PBXBuildFile; fileRef = C19464092209FFF400A818F3 /* LevelSelectVC.swift */; };
		C194640C220A001B00A818F3 /* SortingVC.swift in Sources */ = {isa = PBXBuildFile; fileRef = C194640B220A001B00A818F3 /* SortingVC.swift */; };
		C194640E220A003200A818F3 /* ShelvingVC.swift in Sources */ = {isa = PBXBuildFile; fileRef = C194640D220A003200A818F3 /* ShelvingVC.swift */; };
		C1946410220A004400A818F3 /* ReorderingVC.swift in Sources */ = {isa = PBXBuildFile; fileRef = C194640F220A004400A818F3 /* ReorderingVC.swift */; };
		C1E3ACB92200CE07004D9369 /* AppDelegate.swift in Sources */ = {isa = PBXBuildFile; fileRef = C1E3ACB82200CE07004D9369 /* AppDelegate.swift */; };
		C1E3ACBB2200CE07004D9369 /* ViewController.swift in Sources */ = {isa = PBXBuildFile; fileRef = C1E3ACBA2200CE07004D9369 /* ViewController.swift */; };
		C1E3ACBE2200CE07004D9369 /* Main.storyboard in Resources */ = {isa = PBXBuildFile; fileRef = C1E3ACBC2200CE07004D9369 /* Main.storyboard */; };
		C1E3ACC02200CE0D004D9369 /* Assets.xcassets in Resources */ = {isa = PBXBuildFile; fileRef = C1E3ACBF2200CE0D004D9369 /* Assets.xcassets */; };
		C1E3ACC32200CE0D004D9369 /* LaunchScreen.storyboard in Resources */ = {isa = PBXBuildFile; fileRef = C1E3ACC12200CE0D004D9369 /* LaunchScreen.storyboard */; };
/* End PBXBuildFile section */

/* Begin PBXFileReference section */
		C19464052209FF8900A818F3 /* PlayerInfoVC.swift */ = {isa = PBXFileReference; lastKnownFileType = sourcecode.swift; path = PlayerInfoVC.swift; sourceTree = "<group>"; };
		C19464072209FFBD00A818F3 /* TutorialVC.swift */ = {isa = PBXFileReference; lastKnownFileType = sourcecode.swift; path = TutorialVC.swift; sourceTree = "<group>"; };
		C19464092209FFF400A818F3 /* LevelSelectVC.swift */ = {isa = PBXFileReference; lastKnownFileType = sourcecode.swift; path = LevelSelectVC.swift; sourceTree = "<group>"; };
		C194640B220A001B00A818F3 /* SortingVC.swift */ = {isa = PBXFileReference; lastKnownFileType = sourcecode.swift; path = SortingVC.swift; sourceTree = "<group>"; };
		C194640D220A003200A818F3 /* ShelvingVC.swift */ = {isa = PBXFileReference; lastKnownFileType = sourcecode.swift; path = ShelvingVC.swift; sourceTree = "<group>"; };
		C194640F220A004400A818F3 /* ReorderingVC.swift */ = {isa = PBXFileReference; lastKnownFileType = sourcecode.swift; path = ReorderingVC.swift; sourceTree = "<group>"; };
		C1E3ACB52200CE07004D9369 /* OrderInTheLibrary.app */ = {isa = PBXFileReference; explicitFileType = wrapper.application; includeInIndex = 0; path = OrderInTheLibrary.app; sourceTree = BUILT_PRODUCTS_DIR; };
		C1E3ACB82200CE07004D9369 /* AppDelegate.swift */ = {isa = PBXFileReference; lastKnownFileType = sourcecode.swift; path = AppDelegate.swift; sourceTree = "<group>"; };
		C1E3ACBA2200CE07004D9369 /* ViewController.swift */ = {isa = PBXFileReference; lastKnownFileType = sourcecode.swift; path = ViewController.swift; sourceTree = "<group>"; };
		C1E3ACBD2200CE07004D9369 /* Base */ = {isa = PBXFileReference; lastKnownFileType = file.storyboard; name = Base; path = Base.lproj/Main.storyboard; sourceTree = "<group>"; };
		C1E3ACBF2200CE0D004D9369 /* Assets.xcassets */ = {isa = PBXFileReference; lastKnownFileType = folder.assetcatalog; path = Assets.xcassets; sourceTree = "<group>"; };
		C1E3ACC22200CE0D004D9369 /* Base */ = {isa = PBXFileReference; lastKnownFileType = file.storyboard; name = Base; path = Base.lproj/LaunchScreen.storyboard; sourceTree = "<group>"; };
		C1E3ACC42200CE0D004D9369 /* Info.plist */ = {isa = PBXFileReference; lastKnownFileType = text.plist.xml; path = Info.plist; sourceTree = "<group>"; };
/* End PBXFileReference section */

/* Begin PBXFrameworksBuildPhase section */
		C1E3ACB22200CE07004D9369 /* Frameworks */ = {
			isa = PBXFrameworksBuildPhase;
			buildActionMask = 2147483647;
			files = (
			);
			runOnlyForDeploymentPostprocessing = 0;
		};
/* End PBXFrameworksBuildPhase section */

/* Begin PBXGroup section */
		C1E3ACAC2200CE05004D9369 = {
			isa = PBXGroup;
			children = (
				C1E3ACB72200CE07004D9369 /* OrderInTheLibrary */,
				C1E3ACB62200CE07004D9369 /* Products */,
			);
			sourceTree = "<group>";
		};
		C1E3ACB62200CE07004D9369 /* Products */ = {
			isa = PBXGroup;
			children = (
				C1E3ACB52200CE07004D9369 /* OrderInTheLibrary.app */,
			);
			name = Products;
			sourceTree = "<group>";
		};
		C1E3ACB72200CE07004D9369 /* OrderInTheLibrary */ = {
			isa = PBXGroup;
			children = (
				C1E3ACB82200CE07004D9369 /* AppDelegate.swift */,
				C1E3ACBA2200CE07004D9369 /* ViewController.swift */,
				C19464072209FFBD00A818F3 /* TutorialVC.swift */,
				C19464052209FF8900A818F3 /* PlayerInfoVC.swift */,
				C19464092209FFF400A818F3 /* LevelSelectVC.swift */,
				C194640B220A001B00A818F3 /* SortingVC.swift */,
				C194640D220A003200A818F3 /* ShelvingVC.swift */,
				C194640F220A004400A818F3 /* ReorderingVC.swift */,
				C1E3ACBC2200CE07004D9369 /* Main.storyboard */,
				C1E3ACBF2200CE0D004D9369 /* Assets.xcassets */,
				C1E3ACC12200CE0D004D9369 /* LaunchScreen.storyboard */,
				C1E3ACC42200CE0D004D9369 /* Info.plist */,
			);
			path = OrderInTheLibrary;
			sourceTree = "<group>";
		};
/* End PBXGroup section */

/* Begin PBXNativeTarget section */
		C1E3ACB42200CE07004D9369 /* OrderInTheLibrary */ = {
			isa = PBXNativeTarget;
			buildConfigurationList = C1E3ACC72200CE0D004D9369 /* Build configuration list for PBXNativeTarget "OrderInTheLibrary" */;
			buildPhases = (
				C1E3ACB12200CE07004D9369 /* Sources */,
				C1E3ACB22200CE07004D9369 /* Frameworks */,
				C1E3ACB32200CE07004D9369 /* Resources */,
			);
			buildRules = (
			);
			dependencies = (
			);
			name = OrderInTheLibrary;
			productName = OrderInTheLibrary;
			productReference = C1E3ACB52200CE07004D9369 /* OrderInTheLibrary.app */;
			productType = "com.apple.product-type.application";
		};
/* End PBXNativeTarget section */

/* Begin PBXProject section */
		C1E3ACAD2200CE05004D9369 /* Project object */ = {
			isa = PBXProject;
			attributes = {
				LastSwiftUpdateCheck = 1010;
				LastUpgradeCheck = 1010;
				ORGANIZATIONNAME = "Aamina Munzir";
				TargetAttributes = {
					C1E3ACB42200CE07004D9369 = {
						CreatedOnToolsVersion = 10.1;
					};
				};
			};
			buildConfigurationList = C1E3ACB02200CE05004D9369 /* Build configuration list for PBXProject "OrderInTheLibrary" */;
			compatibilityVersion = "Xcode 9.3";
			developmentRegion = en;
			hasScannedForEncodings = 0;
			knownRegions = (
				en,
				Base,
			);
			mainGroup = C1E3ACAC2200CE05004D9369;
			productRefGroup = C1E3ACB62200CE07004D9369 /* Products */;
			projectDirPath = "";
			projectRoot = "";
			targets = (
				C1E3ACB42200CE07004D9369 /* OrderInTheLibrary */,
			);
		};
/* End PBXProject section */

/* Begin PBXResourcesBuildPhase section */
		C1E3ACB32200CE07004D9369 /* Resources */ = {
			isa = PBXResourcesBuildPhase;
			buildActionMask = 2147483647;
			files = (
				C1E3ACC32200CE0D004D9369 /* LaunchScreen.storyboard in Resources */,
				C1E3ACC02200CE0D004D9369 /* Assets.xcassets in Resources */,
				C1E3ACBE2200CE07004D9369 /* Main.storyboard in Resources */,
			);
			runOnlyForDeploymentPostprocessing = 0;
		};
/* End PBXResourcesBuildPhase section */

/* Begin PBXSourcesBuildPhase section */
		C1E3ACB12200CE07004D9369 /* Sources */ = {
			isa = PBXSourcesBuildPhase;
			buildActionMask = 2147483647;
			files = (
				C194640E220A003200A818F3 /* ShelvingVC.swift in Sources */,
				C19464082209FFBD00A818F3 /* TutorialVC.swift in Sources */,
				C1E3ACBB2200CE07004D9369 /* ViewController.swift in Sources */,
				C1E3ACB92200CE07004D9369 /* AppDelegate.swift in Sources */,
				C19464062209FF8900A818F3 /* PlayerInfoVC.swift in Sources */,
				C194640A2209FFF400A818F3 /* LevelSelectVC.swift in Sources */,
				C194640C220A001B00A818F3 /* SortingVC.swift in Sources */,
				C1946410220A004400A818F3 /* ReorderingVC.swift in Sources */,
			);
			runOnlyForDeploymentPostprocessing = 0;
		};
/* End PBXSourcesBuildPhase section */

/* Begin PBXVariantGroup section */
		C1E3ACBC2200CE07004D9369 /* Main.storyboard */ = {
			isa = PBXVariantGroup;
			children = (
				C1E3ACBD2200CE07004D9369 /* Base */,
			);
			name = Main.storyboard;
			sourceTree = "<group>";
		};
		C1E3ACC12200CE0D004D9369 /* LaunchScreen.storyboard */ = {
			isa = PBXVariantGroup;
			children = (
				C1E3ACC22200CE0D004D9369 /* Base */,
			);
			name = LaunchScreen.storyboard;
			sourceTree = "<group>";
		};
/* End PBXVariantGroup section */

/* Begin XCBuildConfiguration section */
		C1E3ACC52200CE0D004D9369 /* Debug */ = {
			isa = XCBuildConfiguration;
			buildSettings = {
				ALWAYS_SEARCH_USER_PATHS = NO;
				CLANG_ANALYZER_NONNULL = YES;
				CLANG_ANALYZER_NUMBER_OBJECT_CONVERSION = YES_AGGRESSIVE;
				CLANG_CXX_LANGUAGE_STANDARD = "gnu++14";
				CLANG_CXX_LIBRARY = "libc++";
				CLANG_ENABLE_MODULES = YES;
				CLANG_ENABLE_OBJC_ARC = YES;
				CLANG_ENABLE_OBJC_WEAK = YES;
				CLANG_WARN_BLOCK_CAPTURE_AUTORELEASING = YES;
				CLANG_WARN_BOOL_CONVERSION = YES;
				CLANG_WARN_COMMA = YES;
				CLANG_WARN_CONSTANT_CONVERSION = YES;
				CLANG_WARN_DEPRECATED_OBJC_IMPLEMENTATIONS = YES;
				CLANG_WARN_DIRECT_OBJC_ISA_USAGE = YES_ERROR;
				CLANG_WARN_DOCUMENTATION_COMMENTS = YES;
				CLANG_WARN_EMPTY_BODY = YES;
				CLANG_WARN_ENUM_CONVERSION = YES;
				CLANG_WARN_INFINITE_RECURSION = YES;
				CLANG_WARN_INT_CONVERSION = YES;
				CLANG_WARN_NON_LITERAL_NULL_CONVERSION = YES;
				CLANG_WARN_OBJC_IMPLICIT_RETAIN_SELF = YES;
				CLANG_WARN_OBJC_LITERAL_CONVERSION = YES;
				CLANG_WARN_OBJC_ROOT_CLASS = YES_ERROR;
				CLANG_WARN_RANGE_LOOP_ANALYSIS = YES;
				CLANG_WARN_STRICT_PROTOTYPES = YES;
				CLANG_WARN_SUSPICIOUS_MOVE = YES;
				CLANG_WARN_UNGUARDED_AVAILABILITY = YES_AGGRESSIVE;
				CLANG_WARN_UNREACHABLE_CODE = YES;
				CLANG_WARN__DUPLICATE_METHOD_MATCH = YES;
				CODE_SIGN_IDENTITY = "iPhone Developer";
				COPY_PHASE_STRIP = NO;
				DEBUG_INFORMATION_FORMAT = dwarf;
				ENABLE_STRICT_OBJC_MSGSEND = YES;
				ENABLE_TESTABILITY = YES;
				GCC_C_LANGUAGE_STANDARD = gnu11;
				GCC_DYNAMIC_NO_PIC = NO;
				GCC_NO_COMMON_BLOCKS = YES;
				GCC_OPTIMIZATION_LEVEL = 0;
				GCC_PREPROCESSOR_DEFINITIONS = (
					"DEBUG=1",
					"$(inherited)",
				);
				GCC_WARN_64_TO_32_BIT_CONVERSION = YES;
				GCC_WARN_ABOUT_RETURN_TYPE = YES_ERROR;
				GCC_WARN_UNDECLARED_SELECTOR = YES;
				GCC_WARN_UNINITIALIZED_AUTOS = YES_AGGRESSIVE;
				GCC_WARN_UNUSED_FUNCTION = YES;
				GCC_WARN_UNUSED_VARIABLE = YES;
				IPHONEOS_DEPLOYMENT_TARGET = 12.1;
				MTL_ENABLE_DEBUG_INFO = INCLUDE_SOURCE;
				MTL_FAST_MATH = YES;
				ONLY_ACTIVE_ARCH = YES;
				SDKROOT = iphoneos;
				SWIFT_ACTIVE_COMPILATION_CONDITIONS = DEBUG;
				SWIFT_OPTIMIZATION_LEVEL = "-Onone";
			};
			name = Debug;
		};
		C1E3ACC62200CE0D004D9369 /* Release */ = {
			isa = XCBuildConfiguration;
			buildSettings = {
				ALWAYS_SEARCH_USER_PATHS = NO;
				CLANG_ANALYZER_NONNULL = YES;
				CLANG_ANALYZER_NUMBER_OBJECT_CONVERSION = YES_AGGRESSIVE;
				CLANG_CXX_LANGUAGE_STANDARD = "gnu++14";
				CLANG_CXX_LIBRARY = "libc++";
				CLANG_ENABLE_MODULES = YES;
				CLANG_ENABLE_OBJC_ARC = YES;
				CLANG_ENABLE_OBJC_WEAK = YES;
				CLANG_WARN_BLOCK_CAPTURE_AUTORELEASING = YES;
				CLANG_WARN_BOOL_CONVERSION = YES;
				CLANG_WARN_COMMA = YES;
				CLANG_WARN_CONSTANT_CONVERSION = YES;
				CLANG_WARN_DEPRECATED_OBJC_IMPLEMENTATIONS = YES;
				CLANG_WARN_DIRECT_OBJC_ISA_USAGE = YES_ERROR;
				CLANG_WARN_DOCUMENTATION_COMMENTS = YES;
				CLANG_WARN_EMPTY_BODY = YES;
				CLANG_WARN_ENUM_CONVERSION = YES;
				CLANG_WARN_INFINITE_RECURSION = YES;
				CLANG_WARN_INT_CONVERSION = YES;
				CLANG_WARN_NON_LITERAL_NULL_CONVERSION = YES;
				CLANG_WARN_OBJC_IMPLICIT_RETAIN_SELF = YES;
				CLANG_WARN_OBJC_LITERAL_CONVERSION = YES;
				CLANG_WARN_OBJC_ROOT_CLASS = YES_ERROR;
				CLANG_WARN_RANGE_LOOP_ANALYSIS = YES;
				CLANG_WARN_STRICT_PROTOTYPES = YES;
				CLANG_WARN_SUSPICIOUS_MOVE = YES;
				CLANG_WARN_UNGUARDED_AVAILABILITY = YES_AGGRESSIVE;
				CLANG_WARN_UNREACHABLE_CODE = YES;
				CLANG_WARN__DUPLICATE_METHOD_MATCH = YES;
				CODE_SIGN_IDENTITY = "iPhone Developer";
				COPY_PHASE_STRIP = NO;
				DEBUG_INFORMATION_FORMAT = "dwarf-with-dsym";
				ENABLE_NS_ASSERTIONS = NO;
				ENABLE_STRICT_OBJC_MSGSEND = YES;
				GCC_C_LANGUAGE_STANDARD = gnu11;
				GCC_NO_COMMON_BLOCKS = YES;
				GCC_WARN_64_TO_32_BIT_CONVERSION = YES;
				GCC_WARN_ABOUT_RETURN_TYPE = YES_ERROR;
				GCC_WARN_UNDECLARED_SELECTOR = YES;
				GCC_WARN_UNINITIALIZED_AUTOS = YES_AGGRESSIVE;
				GCC_WARN_UNUSED_FUNCTION = YES;
				GCC_WARN_UNUSED_VARIABLE = YES;
				IPHONEOS_DEPLOYMENT_TARGET = 12.1;
				MTL_ENABLE_DEBUG_INFO = NO;
				MTL_FAST_MATH = YES;
				SDKROOT = iphoneos;
				SWIFT_COMPILATION_MODE = wholemodule;
				SWIFT_OPTIMIZATION_LEVEL = "-O";
				VALIDATE_PRODUCT = YES;
			};
			name = Release;
		};
		C1E3ACC82200CE0D004D9369 /* Debug */ = {
			isa = XCBuildConfiguration;
			buildSettings = {
				ASSETCATALOG_COMPILER_APPICON_NAME = AppIcon;
				CODE_SIGN_STYLE = Automatic;
				DEVELOPMENT_TEAM = AT5Y3C9F56;
				INFOPLIST_FILE = OrderInTheLibrary/Info.plist;
				LD_RUNPATH_SEARCH_PATHS = (
					"$(inherited)",
					"@executable_path/Frameworks",
				);
				PRODUCT_BUNDLE_IDENTIFIER = AFM.OrderInTheLibrary;
				PRODUCT_NAME = "$(TARGET_NAME)";
				SWIFT_VERSION = 4.2;
				TARGETED_DEVICE_FAMILY = "1,2";
			};
			name = Debug;
		};
		C1E3ACC92200CE0D004D9369 /* Release */ = {
			isa = XCBuildConfiguration;
			buildSettings = {
				ASSETCATALOG_COMPILER_APPICON_NAME = AppIcon;
				CODE_SIGN_STYLE = Automatic;
				DEVELOPMENT_TEAM = AT5Y3C9F56;
				INFOPLIST_FILE = OrderInTheLibrary/Info.plist;
				LD_RUNPATH_SEARCH_PATHS = (
					"$(inherited)",
					"@executable_path/Frameworks",
				);
				PRODUCT_BUNDLE_IDENTIFIER = AFM.OrderInTheLibrary;
				PRODUCT_NAME = "$(TARGET_NAME)";
				SWIFT_VERSION = 4.2;
				TARGETED_DEVICE_FAMILY = "1,2";
			};
			name = Release;
		};
/* End XCBuildConfiguration section */

/* Begin XCConfigurationList section */
		C1E3ACB02200CE05004D9369 /* Build configuration list for PBXProject "OrderInTheLibrary" */ = {
			isa = XCConfigurationList;
			buildConfigurations = (
				C1E3ACC52200CE0D004D9369 /* Debug */,
				C1E3ACC62200CE0D004D9369 /* Release */,
			);
			defaultConfigurationIsVisible = 0;
			defaultConfigurationName = Release;
		};
		C1E3ACC72200CE0D004D9369 /* Build configuration list for PBXNativeTarget "OrderInTheLibrary" */ = {
			isa = XCConfigurationList;
			buildConfigurations = (
				C1E3ACC82200CE0D004D9369 /* Debug */,
				C1E3ACC92200CE0D004D9369 /* Release */,
			);
			defaultConfigurationIsVisible = 0;
			defaultConfigurationName = Release;
		};
/* End XCConfigurationList section */
	};
	rootObject = C1E3ACAD2200CE05004D9369 /* Project object */;
}
